
Microsoft Visual Studio Solution File, Format Version 11.00
# Visual Studio 2010
Project("{F184B08F-C81C-45F6-A57F-5ABD9991F28F}") = "web 2.0 playground", "web 2.0 playground\web 2.0 playground.vbproj", "{7CD3045B-92EF-44F1-881C-7C6A2A168397}"
EndProject
Project("{FAE04EC0-301F-11D3-BF4B-00C04F79EFBC}") = "Homesite.ECommerce.DirectWeb", "..\..\..\..\TFS\Homesite\Dev\Branches\MindiM2\Web20\Homesite.ECommerce.DirectWeb\Homesite.ECommerce.DirectWeb.csproj", "{F4067E28-C942-4813-B1F3-A587B8BD2638}"
EndProject
Project("{FAE04EC0-301F-11D3-BF4B-00C04F79EFBC}") = "Homesite.ECommerce.ServiceLibrary", "..\..\..\..\TFS\Homesite\Dev\Branches\MindiM2\Web20\Homesite.ECommerce.ServiceLibary\Homesite.ECommerce.ServiceLibrary.csproj", "{50E0705F-C6A7-4117-A515-218689205D94}"
EndProject
Project("{FAE04EC0-301F-11D3-BF4B-00C04F79EFBC}") = "Homesite.ECommerce.Configuration", "..\..\..\..\TFS\Homesite\Dev\Branches\MindiM2\Web20\Homesite.ECommerce.Configuration\Homesite.ECommerce.Configuration.csproj", "{66E4EBA2-1885-4133-8405-E7342C4BA464}"
EndProject
Project("{FAE04EC0-301F-11D3-BF4B-00C04F79EFBC}") = "Homesite.ECommerce.ConsumerServices", "..\..\..\midim2\Homesite.ECommerce.ConsumerServices\Homesite.ECommerce.ConsumerServices.csproj", "{BD70D02B-3F6A-4F54-98AC-9DEDB507D68C}"
EndProject
Project("{FAE04EC0-301F-11D3-BF4B-00C04F79EFBC}") = "Homesite.ECommerce.DAC", "..\..\..\midim2\Homesite.ECommerce.DAC\Homesite.ECommerce.DAC.csproj", "{05E79CA7-1CF6-4344-956D-252B7E0B46B9}"
EndProject
Project("{FAE04EC0-301F-11D3-BF4B-00C04F79EFBC}") = "Homesite.ECommerce.Presentation", "..\..\..\midim2\Homesite.ECommerce.Presentation\Homesite.ECommerce.Presentation.csproj", "{A4AC4510-03DC-4F02-8534-0AB5991BA506}"
EndProject
Project("{FAE04EC0-301F-11D3-BF4B-00C04F79EFBC}") = "Homesite.ECommerce.RuleEngine", "..\..\..\midim2\Homesite.ECommerce.RuleEngine\Homesite.ECommerce.RuleEngine.csproj", "{54EDBBAA-5E29-4D6E-BB1E-5DD14C36E82D}"
EndProject
Project("{FAE04EC0-301F-11D3-BF4B-00C04F79EFBC}") = "Homesite.ECommerce.ServiceClients", "..\..\..\midim2\Homesite.ECommerce.ServiceClients\Homesite.ECommerce.ServiceClients.csproj", "{F4EAE5DD-F708-47FC-BD20-FA39B0837D4F}"
EndProject
Project("{FAE04EC0-301F-11D3-BF4B-00C04F79EFBC}") = "Homesite.ECommerce.WebControls", "..\..\..\midim2\Homesite.ECommerce.WebControls\Homesite.ECommerce.WebControls.csproj", "{DB35EC76-4CD4-4AE9-9BF7-26F3FE4D4066}"
EndProject
Project("{FAE04EC0-301F-11D3-BF4B-00C04F79EFBC}") = "Homesite.ECommerce.WebServices", "..\..\..\midim2\Homesite.ECommerce.WebServices\Homesite.ECommerce.WebServices.csproj", "{CB6CA395-D9E0-4E2A-B928-557844279D74}"
EndProject
Global
	GlobalSection(TeamFoundationVersionControl) = preSolution
		SccNumberOfProjects = 4
		SccEnterpriseProvider = {4CA58AB2-18FA-4F8D-95D4-32DDF27D184C}
		SccTeamFoundationServer = http://camtfs01:8080/tfs/homesite
		SccProjectUniqueName0 = ..\\..\\..\\..\\TFS\\Homesite\\Dev\\Branches\\MindiM2\\Web20\\Homesite.ECommerce.DirectWeb\\Homesite.ECommerce.DirectWeb.csproj
		SccProjectName0 = $/Homesite/Dev/Branches/MindiM2/Web20/Homesite.ECommerce.DirectWeb
		SccAuxPath0 = http://camtfs01:8080/tfs/homesite
		SccLocalPath0 = ..\\..\\..\\..\\TFS\\Homesite\\Dev\\Branches\\MindiM2\\Web20\\Homesite.ECommerce.DirectWeb
		SccProvider0 = {4CA58AB2-18FA-4F8D-95D4-32DDF27D184C}
		SccProjectUniqueName1 = ..\\..\\..\\..\\TFS\\Homesite\\Dev\\Branches\\MindiM2\\Web20\\Homesite.ECommerce.ServiceLibary\\Homesite.ECommerce.ServiceLibrary.csproj
		SccProjectName1 = $/Homesite/Dev/Branches/MindiM2/Web20/Homesite.ECommerce.ServiceLibary
		SccAuxPath1 = http://camtfs01:8080/tfs/homesite
		SccLocalPath1 = ..\\..\\..\\..\\TFS\\Homesite\\Dev\\Branches\\MindiM2\\Web20\\Homesite.ECommerce.ServiceLibary
		SccProvider1 = {4CA58AB2-18FA-4F8D-95D4-32DDF27D184C}
		SccProjectUniqueName2 = ..\\..\\..\\..\\TFS\\Homesite\\Dev\\Branches\\MindiM2\\Web20\\Homesite.ECommerce.Configuration\\Homesite.ECommerce.Configuration.csproj
		SccProjectName2 = $/Homesite/Dev/Branches/MindiM2/Web20/Homesite.ECommerce.Configuration
		SccAuxPath2 = http://camtfs01:8080/tfs/homesite
		SccLocalPath2 = ..\\..\\..\\..\\TFS\\Homesite\\Dev\\Branches\\MindiM2\\Web20\\Homesite.ECommerce.Configuration
		SccProvider2 = {4CA58AB2-18FA-4F8D-95D4-32DDF27D184C}
		SccProjectUniqueName3 = ..\\..\\..\\midim2\\Homesite.ECommerce.ServiceClients\\Homesite.ECommerce.ServiceClients.csproj
		SccProjectName3 = $/Homesite/Dev/Branches/MindiM2/Web20/Homesite.ECommerce.ServiceClients
		SccAuxPath3 = http://camtfs01:8080/tfs/homesite
		SccLocalPath3 = ..\\..\\..\\midim2\\Homesite.ECommerce.ServiceClients
		SccProvider3 = {4CA58AB2-18FA-4F8D-95D4-32DDF27D184C}
	EndGlobalSection
	GlobalSection(SolutionConfigurationPlatforms) = preSolution
		Debug|Any CPU = Debug|Any CPU
		Debug|Mixed Platforms = Debug|Mixed Platforms
		Debug|x86 = Debug|x86
		Release|Any CPU = Release|Any CPU
		Release|Mixed Platforms = Release|Mixed Platforms
		Release|x86 = Release|x86
	EndGlobalSection
	GlobalSection(ProjectConfigurationPlatforms) = postSolution
		{7CD3045B-92EF-44F1-881C-7C6A2A168397}.Debug|Any CPU.ActiveCfg = Debug|x86
		{7CD3045B-92EF-44F1-881C-7C6A2A168397}.Debug|Mixed Platforms.ActiveCfg = Debug|x86
		{7CD3045B-92EF-44F1-881C-7C6A2A168397}.Debug|Mixed Platforms.Build.0 = Debug|x86
		{7CD3045B-92EF-44F1-881C-7C6A2A168397}.Debug|x86.ActiveCfg = Debug|x86
		{7CD3045B-92EF-44F1-881C-7C6A2A168397}.Debug|x86.Build.0 = Debug|x86
		{7CD3045B-92EF-44F1-881C-7C6A2A168397}.Release|Any CPU.ActiveCfg = Release|x86
		{7CD3045B-92EF-44F1-881C-7C6A2A168397}.Release|Mixed Platforms.ActiveCfg = Release|x86
		{7CD3045B-92EF-44F1-881C-7C6A2A168397}.Release|Mixed Platforms.Build.0 = Release|x86
		{7CD3045B-92EF-44F1-881C-7C6A2A168397}.Release|x86.ActiveCfg = Release|x86
		{7CD3045B-92EF-44F1-881C-7C6A2A168397}.Release|x86.Build.0 = Release|x86
		{F4067E28-C942-4813-B1F3-A587B8BD2638}.Debug|Any CPU.ActiveCfg = Debug|Any CPU
		{F4067E28-C942-4813-B1F3-A587B8BD2638}.Debug|Any CPU.Build.0 = Debug|Any CPU
		{F4067E28-C942-4813-B1F3-A587B8BD2638}.Debug|Mixed Platforms.ActiveCfg = Debug|Any CPU
		{F4067E28-C942-4813-B1F3-A587B8BD2638}.Debug|Mixed Platforms.Build.0 = Debug|Any CPU
		{F4067E28-C942-4813-B1F3-A587B8BD2638}.Debug|x86.ActiveCfg = Debug|Any CPU
		{F4067E28-C942-4813-B1F3-A587B8BD2638}.Release|Any CPU.ActiveCfg = Release|Any CPU
		{F4067E28-C942-4813-B1F3-A587B8BD2638}.Release|Any CPU.Build.0 = Release|Any CPU
		{F4067E28-C942-4813-B1F3-A587B8BD2638}.Release|Mixed Platforms.ActiveCfg = Release|Any CPU
		{F4067E28-C942-4813-B1F3-A587B8BD2638}.Release|Mixed Platforms.Build.0 = Release|Any CPU
		{F4067E28-C942-4813-B1F3-A587B8BD2638}.Release|x86.ActiveCfg = Release|Any CPU
		{50E0705F-C6A7-4117-A515-218689205D94}.Debug|Any CPU.ActiveCfg = Debug|Any CPU
		{50E0705F-C6A7-4117-A515-218689205D94}.Debug|Any CPU.Build.0 = Debug|Any CPU
		{50E0705F-C6A7-4117-A515-218689205D94}.Debug|Mixed Platforms.ActiveCfg = Debug|Any CPU
		{50E0705F-C6A7-4117-A515-218689205D94}.Debug|Mixed Platforms.Build.0 = Debug|Any CPU
		{50E0705F-C6A7-4117-A515-218689205D94}.Debug|x86.ActiveCfg = Debug|Any CPU
		{50E0705F-C6A7-4117-A515-218689205D94}.Release|Any CPU.ActiveCfg = Release|Any CPU
		{50E0705F-C6A7-4117-A515-218689205D94}.Release|Any CPU.Build.0 = Release|Any CPU
		{50E0705F-C6A7-4117-A515-218689205D94}.Release|Mixed Platforms.ActiveCfg = Release|Any CPU
		{50E0705F-C6A7-4117-A515-218689205D94}.Release|Mixed Platforms.Build.0 = Release|Any CPU
		{50E0705F-C6A7-4117-A515-218689205D94}.Release|x86.ActiveCfg = Release|Any CPU
		{66E4EBA2-1885-4133-8405-E7342C4BA464}.Debug|Any CPU.ActiveCfg = Debug|Any CPU
		{66E4EBA2-1885-4133-8405-E7342C4BA464}.Debug|Any CPU.Build.0 = Debug|Any CPU
		{66E4EBA2-1885-4133-8405-E7342C4BA464}.Debug|Mixed Platforms.ActiveCfg = Debug|Any CPU
		{66E4EBA2-1885-4133-8405-E7342C4BA464}.Debug|Mixed Platforms.Build.0 = Debug|Any CPU
		{66E4EBA2-1885-4133-8405-E7342C4BA464}.Debug|x86.ActiveCfg = Debug|Any CPU
		{66E4EBA2-1885-4133-8405-E7342C4BA464}.Release|Any CPU.ActiveCfg = Release|Any CPU
		{66E4EBA2-1885-4133-8405-E7342C4BA464}.Release|Any CPU.Build.0 = Release|Any CPU
		{66E4EBA2-1885-4133-8405-E7342C4BA464}.Release|Mixed Platforms.ActiveCfg = Release|Any CPU
		{66E4EBA2-1885-4133-8405-E7342C4BA464}.Release|Mixed Platforms.Build.0 = Release|Any CPU
		{66E4EBA2-1885-4133-8405-E7342C4BA464}.Release|x86.ActiveCfg = Release|Any CPU
		{BD70D02B-3F6A-4F54-98AC-9DEDB507D68C}.Debug|Any CPU.ActiveCfg = Debug|Any CPU
		{BD70D02B-3F6A-4F54-98AC-9DEDB507D68C}.Debug|Any CPU.Build.0 = Debug|Any CPU
		{BD70D02B-3F6A-4F54-98AC-9DEDB507D68C}.Debug|Mixed Platforms.ActiveCfg = Debug|Any CPU
		{BD70D02B-3F6A-4F54-98AC-9DEDB507D68C}.Debug|Mixed Platforms.Build.0 = Debug|Any CPU
		{BD70D02B-3F6A-4F54-98AC-9DEDB507D68C}.Debug|x86.ActiveCfg = Debug|Any CPU
		{BD70D02B-3F6A-4F54-98AC-9DEDB507D68C}.Release|Any CPU.ActiveCfg = Release|Any CPU
		{BD70D02B-3F6A-4F54-98AC-9DEDB507D68C}.Release|Any CPU.Build.0 = Release|Any CPU
		{BD70D02B-3F6A-4F54-98AC-9DEDB507D68C}.Release|Mixed Platforms.ActiveCfg = Release|Any CPU
		{BD70D02B-3F6A-4F54-98AC-9DEDB507D68C}.Release|Mixed Platforms.Build.0 = Release|Any CPU
		{BD70D02B-3F6A-4F54-98AC-9DEDB507D68C}.Release|x86.ActiveCfg = Release|Any CPU
		{05E79CA7-1CF6-4344-956D-252B7E0B46B9}.Debug|Any CPU.ActiveCfg = Debug|Any CPU
		{05E79CA7-1CF6-4344-956D-252B7E0B46B9}.Debug|Any CPU.Build.0 = Debug|Any CPU
		{05E79CA7-1CF6-4344-956D-252B7E0B46B9}.Debug|Mixed Platforms.ActiveCfg = Debug|Any CPU
		{05E79CA7-1CF6-4344-956D-252B7E0B46B9}.Debug|Mixed Platforms.Build.0 = Debug|Any CPU
		{05E79CA7-1CF6-4344-956D-252B7E0B46B9}.Debug|x86.ActiveCfg = Debug|Any CPU
		{05E79CA7-1CF6-4344-956D-252B7E0B46B9}.Release|Any CPU.ActiveCfg = Release|Any CPU
		{05E79CA7-1CF6-4344-956D-252B7E0B46B9}.Release|Any CPU.Build.0 = Release|Any CPU
		{05E79CA7-1CF6-4344-956D-252B7E0B46B9}.Release|Mixed Platforms.ActiveCfg = Release|Any CPU
		{05E79CA7-1CF6-4344-956D-252B7E0B46B9}.Release|Mixed Platforms.Build.0 = Release|Any CPU
		{05E79CA7-1CF6-4344-956D-252B7E0B46B9}.Release|x86.ActiveCfg = Release|Any CPU
		{A4AC4510-03DC-4F02-8534-0AB5991BA506}.Debug|Any CPU.ActiveCfg = Debug|Any CPU
		{A4AC4510-03DC-4F02-8534-0AB5991BA506}.Debug|Any CPU.Build.0 = Debug|Any CPU
		{A4AC4510-03DC-4F02-8534-0AB5991BA506}.Debug|Mixed Platforms.ActiveCfg = Debug|Any CPU
		{A4AC4510-03DC-4F02-8534-0AB5991BA506}.Debug|Mixed Platforms.Build.0 = Debug|Any CPU
		{A4AC4510-03DC-4F02-8534-0AB5991BA506}.Debug|x86.ActiveCfg = Debug|Any CPU
		{A4AC4510-03DC-4F02-8534-0AB5991BA506}.Release|Any CPU.ActiveCfg = Release|Any CPU
		{A4AC4510-03DC-4F02-8534-0AB5991BA506}.Release|Any CPU.Build.0 = Release|Any CPU
		{A4AC4510-03DC-4F02-8534-0AB5991BA506}.Release|Mixed Platforms.ActiveCfg = Release|Any CPU
		{A4AC4510-03DC-4F02-8534-0AB5991BA506}.Release|Mixed Platforms.Build.0 = Release|Any CPU
		{A4AC4510-03DC-4F02-8534-0AB5991BA506}.Release|x86.ActiveCfg = Release|Any CPU
		{54EDBBAA-5E29-4D6E-BB1E-5DD14C36E82D}.Debug|Any CPU.ActiveCfg = Debug|Any CPU
		{54EDBBAA-5E29-4D6E-BB1E-5DD14C36E82D}.Debug|Any CPU.Build.0 = Debug|Any CPU
		{54EDBBAA-5E29-4D6E-BB1E-5DD14C36E82D}.Debug|Mixed Platforms.ActiveCfg = Debug|Any CPU
		{54EDBBAA-5E29-4D6E-BB1E-5DD14C36E82D}.Debug|Mixed Platforms.Build.0 = Debug|Any CPU
		{54EDBBAA-5E29-4D6E-BB1E-5DD14C36E82D}.Debug|x86.ActiveCfg = Debug|Any CPU
		{54EDBBAA-5E29-4D6E-BB1E-5DD14C36E82D}.Release|Any CPU.ActiveCfg = Release|Any CPU
		{54EDBBAA-5E29-4D6E-BB1E-5DD14C36E82D}.Release|Any CPU.Build.0 = Release|Any CPU
		{54EDBBAA-5E29-4D6E-BB1E-5DD14C36E82D}.Release|Mixed Platforms.ActiveCfg = Release|Any CPU
		{54EDBBAA-5E29-4D6E-BB1E-5DD14C36E82D}.Release|Mixed Platforms.Build.0 = Release|Any CPU
		{54EDBBAA-5E29-4D6E-BB1E-5DD14C36E82D}.Release|x86.ActiveCfg = Release|Any CPU
		{F4EAE5DD-F708-47FC-BD20-FA39B0837D4F}.Debug|Any CPU.ActiveCfg = Debug|Any CPU
		{F4EAE5DD-F708-47FC-BD20-FA39B0837D4F}.Debug|Any CPU.Build.0 = Debug|Any CPU
		{F4EAE5DD-F708-47FC-BD20-FA39B0837D4F}.Debug|Mixed Platforms.ActiveCfg = Debug|Any CPU
		{F4EAE5DD-F708-47FC-BD20-FA39B0837D4F}.Debug|Mixed Platforms.Build.0 = Debug|Any CPU
		{F4EAE5DD-F708-47FC-BD20-FA39B0837D4F}.Debug|x86.ActiveCfg = Debug|Any CPU
		{F4EAE5DD-F708-47FC-BD20-FA39B0837D4F}.Release|Any CPU.ActiveCfg = Release|Any CPU
		{F4EAE5DD-F708-47FC-BD20-FA39B0837D4F}.Release|Any CPU.Build.0 = Release|Any CPU
		{F4EAE5DD-F708-47FC-BD20-FA39B0837D4F}.Release|Mixed Platforms.ActiveCfg = Release|Any CPU
		{F4EAE5DD-F708-47FC-BD20-FA39B0837D4F}.Release|Mixed Platforms.Build.0 = Release|Any CPU
		{F4EAE5DD-F708-47FC-BD20-FA39B0837D4F}.Release|x86.ActiveCfg = Release|Any CPU
		{DB35EC76-4CD4-4AE9-9BF7-26F3FE4D4066}.Debug|Any CPU.ActiveCfg = Debug|Any CPU
		{DB35EC76-4CD4-4AE9-9BF7-26F3FE4D4066}.Debug|Any CPU.Build.0 = Debug|Any CPU
		{DB35EC76-4CD4-4AE9-9BF7-26F3FE4D4066}.Debug|Mixed Platforms.ActiveCfg = Debug|Any CPU
		{DB35EC76-4CD4-4AE9-9BF7-26F3FE4D4066}.Debug|Mixed Platforms.Build.0 = Debug|Any CPU
		{DB35EC76-4CD4-4AE9-9BF7-26F3FE4D4066}.Debug|x86.ActiveCfg = Debug|Any CPU
		{DB35EC76-4CD4-4AE9-9BF7-26F3FE4D4066}.Release|Any CPU.ActiveCfg = Release|Any CPU
		{DB35EC76-4CD4-4AE9-9BF7-26F3FE4D4066}.Release|Any CPU.Build.0 = Release|Any CPU
		{DB35EC76-4CD4-4AE9-9BF7-26F3FE4D4066}.Release|Mixed Platforms.ActiveCfg = Release|Any CPU
		{DB35EC76-4CD4-4AE9-9BF7-26F3FE4D4066}.Release|Mixed Platforms.Build.0 = Release|Any CPU
		{DB35EC76-4CD4-4AE9-9BF7-26F3FE4D4066}.Release|x86.ActiveCfg = Release|Any CPU
		{CB6CA395-D9E0-4E2A-B928-557844279D74}.Debug|Any CPU.ActiveCfg = Debug|Any CPU
		{CB6CA395-D9E0-4E2A-B928-557844279D74}.Debug|Any CPU.Build.0 = Debug|Any CPU
		{CB6CA395-D9E0-4E2A-B928-557844279D74}.Debug|Mixed Platforms.ActiveCfg = Debug|Any CPU
		{CB6CA395-D9E0-4E2A-B928-557844279D74}.Debug|Mixed Platforms.Build.0 = Debug|Any CPU
		{CB6CA395-D9E0-4E2A-B928-557844279D74}.Debug|x86.ActiveCfg = Debug|Any CPU
		{CB6CA395-D9E0-4E2A-B928-557844279D74}.Release|Any CPU.ActiveCfg = Release|Any CPU
		{CB6CA395-D9E0-4E2A-B928-557844279D74}.Release|Any CPU.Build.0 = Release|Any CPU
		{CB6CA395-D9E0-4E2A-B928-557844279D74}.Release|Mixed Platforms.ActiveCfg = Release|Any CPU
		{CB6CA395-D9E0-4E2A-B928-557844279D74}.Release|Mixed Platforms.Build.0 = Release|Any CPU
		{CB6CA395-D9E0-4E2A-B928-557844279D74}.Release|x86.ActiveCfg = Release|Any CPU
	EndGlobalSection
	GlobalSection(SolutionProperties) = preSolution
		HideSolutionNode = FALSE
	EndGlobalSection
EndGlobal
